
Microsoft Visual Studio Solution File, Format Version 12.00
# Visual Studio 15
VisualStudioVersion = 15.0.26228.9
MinimumVisualStudioVersion = 10.0.40219.1
Project("{FAE04EC0-301F-11D3-BF4B-00C04F79EFBC}") = "Restaurante_APP", "Restaurante_APP\Restaurante_APP.csproj", "{B966F172-3CC7-4CB0-BE93-9E8753A27B9D}"
EndProject
Global
	GlobalSection(SolutionConfigurationPlatforms) = preSolution
		Debug|Any CPU = Debug|Any CPU
		Release|Any CPU = Release|Any CPU
	EndGlobalSection
	GlobalSection(ProjectConfigurationPlatforms) = postSolution
		{B966F172-3CC7-4CB0-BE93-9E8753A27B9D}.Debug|Any CPU.ActiveCfg = Debug|Any CPU
		{B966F172-3CC7-4CB0-BE93-9E8753A27B9D}.Debug|Any CPU.Build.0 = Debug|Any CPU
		{B966F172-3CC7-4CB0-BE93-9E8753A27B9D}.Release|Any CPU.ActiveCfg = Release|Any CPU
		{B966F172-3CC7-4CB0-BE93-9E8753A27B9D}.Release|Any CPU.Build.0 = Release|Any CPU
	EndGlobalSection
	GlobalSection(SolutionProperties) = preSolution
		HideSolutionNode = FALSE
	EndGlobalSection
EndGlobal
